{
  "version": 1,
  "dependencies": {
    "net6.0": {
      "JetBrains.Annotations": {
        "type": "Transitive",
        "resolved": "2022.1.0",
        "contentHash": "ASfpoFJxiRsC9Xc4TWuPM41Zb/gl64xwfMOhnOZ3RnVWGYIZchjpWQV5zshJgoc/ZxVtgjaF7b577lURj7E6ig=="
      },
      "zysharp.metaprogramming": {
        "type": "Project",
        "dependencies": {
          "ZySharp.Validation": "1.1.8"
        }
      },
      "zysharp.validation": {
        "type": "Project",
        "dependencies": {
          "JetBrains.Annotations": "2022.1.0"
        }
      }
    }
  }
}